
Microsoft Visual Studio Solution File, Format Version 12.00
# Visual Studio Version 17
VisualStudioVersion = 17.1.32228.430
MinimumVisualStudioVersion = 10.0.40219.1
Project("{8BC9CEB8-8B4A-11D0-8D11-00A0C91BC942}") = "220325", "220325\220325.vcxproj", "{D7ADABC3-07A4-4010-92B2-81F88E2A4177}"
EndProject
Global
	GlobalSection(SolutionConfigurationPlatforms) = preSolution
		Debug|x64 = Debug|x64
		Debug|x86 = Debug|x86
		Release|x64 = Release|x64
		Release|x86 = Release|x86
	EndGlobalSection
	GlobalSection(ProjectConfigurationPlatforms) = postSolution
		{D7ADABC3-07A4-4010-92B2-81F88E2A4177}.Debug|x64.ActiveCfg = Debug|x64
		{D7ADABC3-07A4-4010-92B2-81F88E2A4177}.Debug|x64.Build.0 = Debug|x64
		{D7ADABC3-07A4-4010-92B2-81F88E2A4177}.Debug|x86.ActiveCfg = Debug|Win32
		{D7ADABC3-07A4-4010-92B2-81F88E2A4177}.Debug|x86.Build.0 = Debug|Win32
		{D7ADABC3-07A4-4010-92B2-81F88E2A4177}.Release|x64.ActiveCfg = Release|x64
		{D7ADABC3-07A4-4010-92B2-81F88E2A4177}.Release|x64.Build.0 = Release|x64
		{D7ADABC3-07A4-4010-92B2-81F88E2A4177}.Release|x86.ActiveCfg = Release|Win32
		{D7ADABC3-07A4-4010-92B2-81F88E2A4177}.Release|x86.Build.0 = Release|Win32
	EndGlobalSection
	GlobalSection(SolutionProperties) = preSolution
		HideSolutionNode = FALSE
	EndGlobalSection
	GlobalSection(ExtensibilityGlobals) = postSolution
		SolutionGuid = {55FD7E2D-F286-4F96-BE4E-D1CAB3C47EAD}
	EndGlobalSection
EndGlobal
